
Microsoft Visual Studio Solution File, Format Version 12.00
# Visual Studio Version 16
VisualStudioVersion = 16.0.31702.278
MinimumVisualStudioVersion = 10.0.40219.1
Project("{FAE04EC0-301F-11D3-BF4B-00C04F79EFBC}") = "MusicStudio", "MusicStudio\MusicStudio.csproj", "{66714875-9986-4FE4-9131-8FAF379D62DF}"
EndProject
Global
	GlobalSection(SolutionConfigurationPlatforms) = preSolution
		Debug|Any CPU = Debug|Any CPU
		Release|Any CPU = Release|Any CPU
	EndGlobalSection
	GlobalSection(ProjectConfigurationPlatforms) = postSolution
		{66714875-9986-4FE4-9131-8FAF379D62DF}.Debug|Any CPU.ActiveCfg = Debug|Any CPU
		{66714875-9986-4FE4-9131-8FAF379D62DF}.Debug|Any CPU.Build.0 = Debug|Any CPU
		{66714875-9986-4FE4-9131-8FAF379D62DF}.Release|Any CPU.ActiveCfg = Release|Any CPU
		{66714875-9986-4FE4-9131-8FAF379D62DF}.Release|Any CPU.Build.0 = Release|Any CPU
	EndGlobalSection
	GlobalSection(SolutionProperties) = preSolution
		HideSolutionNode = FALSE
	EndGlobalSection
	GlobalSection(ExtensibilityGlobals) = postSolution
		SolutionGuid = {4B1FF404-9BB5-415B-B47F-40788D7E833A}
	EndGlobalSection
EndGlobal
